
Microsoft Visual Studio Solution File, Format Version 12.00
# Visual Studio Version 16
VisualStudioVersion = 16.0.30503.244
MinimumVisualStudioVersion = 10.0.40219.1
Project("{FAE04EC0-301F-11D3-BF4B-00C04F79EFBC}") = "Presentacion", "Presentacion\Presentacion.csproj", "{C482C6F3-261D-4353-88D7-1332C7539B2C}"
EndProject
Project("{FAE04EC0-301F-11D3-BF4B-00C04F79EFBC}") = "Logica", "Logica\Logica.csproj", "{FD6111BB-CCCF-4B17-83DA-D04F926ACF95}"
EndProject
Project("{FAE04EC0-301F-11D3-BF4B-00C04F79EFBC}") = "Interfaz", "Interfaz\Interfaz.csproj", "{60B08C5D-E68F-42FE-8DB4-5DD75D01AA01}"
EndProject
Global
	GlobalSection(SolutionConfigurationPlatforms) = preSolution
		Debug|Any CPU = Debug|Any CPU
		Release|Any CPU = Release|Any CPU
	EndGlobalSection
	GlobalSection(ProjectConfigurationPlatforms) = postSolution
		{C482C6F3-261D-4353-88D7-1332C7539B2C}.Debug|Any CPU.ActiveCfg = Debug|Any CPU
		{C482C6F3-261D-4353-88D7-1332C7539B2C}.Debug|Any CPU.Build.0 = Debug|Any CPU
		{C482C6F3-261D-4353-88D7-1332C7539B2C}.Release|Any CPU.ActiveCfg = Release|Any CPU
		{C482C6F3-261D-4353-88D7-1332C7539B2C}.Release|Any CPU.Build.0 = Release|Any CPU
		{FD6111BB-CCCF-4B17-83DA-D04F926ACF95}.Debug|Any CPU.ActiveCfg = Debug|Any CPU
		{FD6111BB-CCCF-4B17-83DA-D04F926ACF95}.Debug|Any CPU.Build.0 = Debug|Any CPU
		{FD6111BB-CCCF-4B17-83DA-D04F926ACF95}.Release|Any CPU.ActiveCfg = Release|Any CPU
		{FD6111BB-CCCF-4B17-83DA-D04F926ACF95}.Release|Any CPU.Build.0 = Release|Any CPU
		{60B08C5D-E68F-42FE-8DB4-5DD75D01AA01}.Debug|Any CPU.ActiveCfg = Debug|Any CPU
		{60B08C5D-E68F-42FE-8DB4-5DD75D01AA01}.Debug|Any CPU.Build.0 = Debug|Any CPU
		{60B08C5D-E68F-42FE-8DB4-5DD75D01AA01}.Release|Any CPU.ActiveCfg = Release|Any CPU
		{60B08C5D-E68F-42FE-8DB4-5DD75D01AA01}.Release|Any CPU.Build.0 = Release|Any CPU
	EndGlobalSection
	GlobalSection(SolutionProperties) = preSolution
		HideSolutionNode = FALSE
	EndGlobalSection
	GlobalSection(ExtensibilityGlobals) = postSolution
		SolutionGuid = {6D83FD7F-13DD-4370-BC14-38D7FA62A010}
	EndGlobalSection
EndGlobal
